
Microsoft Visual Studio Solution File, Format Version 12.00
# Visual Studio 15
VisualStudioVersion = 15.0.27130.2027
MinimumVisualStudioVersion = 10.0.40219.1
Project("{FAE04EC0-301F-11D3-BF4B-00C04F79EFBC}") = "FourRoads.TelligentCommunity.RenderingHelper", "code\FourRoads.TelligentCommunity.RenderingHelper\FourRoads.TelligentCommunity.RenderingHelper.csproj", "{20BC9498-6E57-4F6E-BB23-38BFEF110161}"
EndProject
Project("{FAE04EC0-301F-11D3-BF4B-00C04F79EFBC}") = "FourRoads.TelligentCommunity.Performance", "code\FourRoads.TelligentCommunity.Performance\FourRoads.TelligentCommunity.Performance.csproj", "{E239B700-0CF6-4F72-8D9C-CD8B7205E026}"
EndProject
Project("{FAE04EC0-301F-11D3-BF4B-00C04F79EFBC}") = "FourRoads.TelligentCommunity.MicroData", "code\FourRoads.TelligentCommunity.MicroData\FourRoads.TelligentCommunity.MicroData.csproj", "{F078FC10-C243-4B84-B2E0-5E3FA71B980C}"
EndProject
Project("{2150E333-8FDC-42A3-9474-1A3956D46DE8}") = ".nuget", ".nuget", "{53204894-4017-4B00-8B5C-922FDBB049BA}"
	ProjectSection(SolutionItems) = preProject
		.nuget\NuGet.Config = .nuget\NuGet.Config
		.nuget\NuGet.exe = .nuget\NuGet.exe
		.nuget\NuGet.targets = .nuget\NuGet.targets
	EndProjectSection
EndProject
Project("{FAE04EC0-301F-11D3-BF4B-00C04F79EFBC}") = "FourRoads.TelligentCommunity.ForumLastPost", "code\FourRoads.TelligentCommunity.ForumLastPost\FourRoads.TelligentCommunity.ForumLastPost.csproj", "{81984BF5-8490-4261-A442-1842B17C125F}"
EndProject
Project("{FAE04EC0-301F-11D3-BF4B-00C04F79EFBC}") = "FourRoads.TelligentCommunity.InlineContent", "code\FourRoads.TelligentCommunity.InlineContent\FourRoads.TelligentCommunity.InlineContent.csproj", "{652DC523-CC2E-43A7-89B5-4C84B3A7EBD9}"
EndProject
Project("{FAE04EC0-301F-11D3-BF4B-00C04F79EFBC}") = "FourRoads.TelligentCommunity.SocialProfileControls", "code\FourRoads.TelligentCommunity.SocialProfileControls\FourRoads.TelligentCommunity.SocialProfileControls.csproj", "{0A2F40DB-F1E8-4B90-805E-D2CB64F07DB5}"
EndProject
Project("{FAE04EC0-301F-11D3-BF4B-00C04F79EFBC}") = "FourRoads.TelligentCommunity.CustomEditor", "code\FourRoads.TelligentCommunity.CustomEditor\FourRoads.TelligentCommunity.CustomEditor.csproj", "{466048D4-D67F-42B4-865A-C1BE84A77299}"
EndProject
Project("{FAE04EC0-301F-11D3-BF4B-00C04F79EFBC}") = "FourRoads.TelligentCommunity.Sentrus", "code\FourRoads.TelligentCommunity.Sentrus\FourRoads.TelligentCommunity.Sentrus.csproj", "{F5149201-4128-493A-B04E-C9A71B6E162D}"
EndProject
Project("{FAE04EC0-301F-11D3-BF4B-00C04F79EFBC}") = "FourRoads.TelligentCommunity.ContentDiscuss", "code\FourRoads.TelligentCommunity.ContentDiscuss\FourRoads.TelligentCommunity.ContentDiscuss.csproj", "{60055B3C-D84A-4BE7-A8E6-1988381602B9}"
EndProject
Project("{FAE04EC0-301F-11D3-BF4B-00C04F79EFBC}") = "FourRoads.TelligentCommunity.UserDataExport", "code\FourRoads.TelligentCommunity.UserDataExport\FourRoads.TelligentCommunity.UserDataExport.csproj", "{C55C887C-8C15-4097-B203-9AAB25718F62}"
EndProject
Project("{FAE04EC0-301F-11D3-BF4B-00C04F79EFBC}") = "FourRoads.TelligentCommunity.ConfigurationExtensions", "code\FourRoads.TelligentCommunity.ConfigurationExtensions\FourRoads.TelligentCommunity.ConfigurationExtensions.csproj", "{571BC785-5F45-40B9-949C-E33A882CEAE1}"
EndProject
Project("{FAE04EC0-301F-11D3-BF4B-00C04F79EFBC}") = "FourRoads.TelligentCommunity.GroupMentionActivity", "code\FourRoads.TelligentCommunity.GroupMentionActivity\FourRoads.TelligentCommunity.GroupMentionActivity.csproj", "{5CA9A695-520F-488B-837E-E9E3580C5C34}"
EndProject
Project("{2150E333-8FDC-42A3-9474-1A3956D46DE8}") = "Community plugins", "Community plugins", "{3735ED34-C87C-4D88-A055-8F8A2F5E000A}"
EndProject
Project("{2150E333-8FDC-42A3-9474-1A3956D46DE8}") = "Administration plugins", "Administration plugins", "{5286FE7A-78EF-4AB5-B3EB-474C88218A37}"
EndProject
Project("{FAE04EC0-301F-11D3-BF4B-00C04F79EFBC}") = "FourRoads.TelligentCommunity.ThemeHelper", "code\FourRoads.TelligentCommunity.ThemeHelper\FourRoads.TelligentCommunity.ThemeHelper.csproj", "{4A328B83-B0C6-4BEA-B0FC-4E87F51761AE}"
EndProject
Project("{FAE04EC0-301F-11D3-BF4B-00C04F79EFBC}") = "FourRoads.TelligentCommunity.Links", "code\FourRoads.TelligentCommunity.Links\FourRoads.TelligentCommunity.Links.csproj", "{30C53022-D89D-4EEE-AE85-B5C8E366FCD9}"
EndProject
Project("{FAE04EC0-301F-11D3-BF4B-00C04F79EFBC}") = "FourRoads.TelligentCommunity.Rules", "code\FourRoads.TelligentCommunity.Rules\FourRoads.TelligentCommunity.Rules.csproj", "{2090D715-FFD1-4548-96A4-A978D4A48A92}"
EndProject
Project("{E24C65DC-7377-472B-9ABA-BC803B73C61A}") = "TelligentCommunity", "http://localhost:49506", "{95361670-3B1C-4F0E-A102-E732621D6B5E}"
	ProjectSection(WebsiteProperties) = preProject
		UseIISExpress = "true"
		TargetFrameworkMoniker = ".NETFramework,Version%3Dv4.6.2"
		ProjectReferences = "{c55c887c-8c15-4097-b203-9aab25718f62}|FourRoads.TelligentCommunity.UserDataExport.dll;{571bc785-5f45-40b9-949c-e33a882ceae1}|FourRoads.TelligentCommunity.ConfigurationExtensions.dll;{4a328b83-b0c6-4bea-b0fc-4e87f51761ae}|FourRoads.TelligentCommunity.ThemeHelper.dll;{0a2f40db-f1e8-4b90-805e-d2cb64f07db5}|FourRoads.TelligentCommunity.SocialProfileControls.dll;{f5149201-4128-493a-b04e-c9a71b6e162d}|FourRoads.TelligentCommunity.Sentrus.dll;{2090d715-ffd1-4548-96a4-a978d4a48a92}|FourRoads.TelligentCommunity.Rules.dll;{20bc9498-6e57-4f6e-bb23-38bfef110161}|FourRoads.TelligentCommunity.RenderingHelper.dll;{e239b700-0cf6-4f72-8d9c-cd8b7205e026}|FourRoads.TelligentCommunity.Performance.dll;{f078fc10-c243-4b84-b2e0-5e3fa71b980c}|FourRoads.TelligentCommunity.MicroData.dll;{30c53022-d89d-4eee-ae85-b5c8e366fcd9}|FourRoads.TelligentCommunity.Links.dll;{652dc523-cc2e-43a7-89b5-4c84b3a7ebd9}|FourRoads.TelligentCommunity.InlineContent.dll;{5ca9a695-520f-488b-837e-e9e3580c5c34}|FourRoads.TelligentCommunity.GroupMentionActivity.dll;{81984bf5-8490-4261-a442-1842b17c125f}|FourRoads.TelligentCommunity.ForumLastPost.dll;{466048d4-d67f-42b4-865a-c1be84a77299}|FourRoads.TelligentCommunity.CustomEditor.dll;{60055b3c-d84a-4be7-a8e6-1988381602b9}|FourRoads.TelligentCommunity.ContentDiscuss.dll;{b2927439-ef5e-4895-a46a-8b5167a326ba}|FourRoads.TelligentCommunity.Splash.dll;{b35e5ed4-32f7-4ca4-8a4f-04201abb011e}|FourRoads.TelligentCommunity.Nexus2.dll;{adfc1b7b-81a5-4ed5-9115-12a2a608c546}|FourRoads.TelligentCommunity.MetaData.dll;{5bb7919e-9f1a-4dcd-8ec7-210f160f1fc1}|FourRoads.TelligentCommunity.HubSpot.dll;{8ead72ec-98cb-49b0-9870-1de3eef883f3}|FourRoads.Common.TelligentCommunity.dll;{104b1f22-5cf1-4364-8c89-62ca11b032fe}|FourRoads.TelligentCommunity.GoogleMfa.dll;{1780110f-ef88-4134-8c8f-94e5c411b29d}|FourRoads.TelligentCommunity.Rules.ThreadViews.dll;{47c01be9-fd0e-42b1-bcaa-8c04fae54d21}|FourRoads.TelligentCommunity.GroupDataExport.dll;"
		Debug.AspNetCompiler.VirtualPath = "/localhost_49506"
		Debug.AspNetCompiler.PhysicalPath = "code\TelligentCommunity\"
		Debug.AspNetCompiler.TargetPath = "PrecompiledWeb\localhost_49506\"
		Debug.AspNetCompiler.Updateable = "true"
		Debug.AspNetCompiler.ForceOverwrite = "true"
		Debug.AspNetCompiler.FixedNames = "false"
		Debug.AspNetCompiler.Debug = "True"
		Release.AspNetCompiler.VirtualPath = "/localhost_49506"
		Release.AspNetCompiler.PhysicalPath = "code\TelligentCommunity\"
		Release.AspNetCompiler.TargetPath = "PrecompiledWeb\localhost_49506\"
		Release.AspNetCompiler.Updateable = "true"
		Release.AspNetCompiler.ForceOverwrite = "true"
		Release.AspNetCompiler.FixedNames = "false"
		Release.AspNetCompiler.Debug = "False"
		SlnRelativePath = "code\TelligentCommunity\"
		DefaultWebSiteLanguage = "Visual C#"
	EndProjectSection
	ProjectSection(ProjectDependencies) = postProject
		{1780110F-EF88-4134-8C8F-94E5C411B29D} = {1780110F-EF88-4134-8C8F-94E5C411B29D}
	EndProjectSection
EndProject
Project("{2150E333-8FDC-42A3-9474-1A3956D46DE8}") = "Tools And Utilities", "Tools And Utilities", "{056047F9-8792-43BF-A2A7-F66A82F66098}"
EndProject
Project("{FAE04EC0-301F-11D3-BF4B-00C04F79EFBC}") = "FourRoads.TelligentCommunity.Splash", "code\FourRoads.TelligentCommunity.Splash\FourRoads.TelligentCommunity.Splash.csproj", "{B2927439-EF5E-4895-A46A-8B5167A326BA}"
EndProject
Project("{FAE04EC0-301F-11D3-BF4B-00C04F79EFBC}") = "FourRoads.TelligentCommunity.Nexus2", "code\FourRoads.TelligentCommunity.Nexus2\FourRoads.TelligentCommunity.Nexus2.csproj", "{B35E5ED4-32F7-4CA4-8A4F-04201ABB011E}"
EndProject
Project("{FAE04EC0-301F-11D3-BF4B-00C04F79EFBC}") = "FourRoads.TelligentCommunity.MetaData", "code\FourRoads.TelligentCommunity.MetaData\FourRoads.TelligentCommunity.MetaData.csproj", "{ADFC1B7B-81A5-4ED5-9115-12A2A608C546}"
EndProject
Project("{2150E333-8FDC-42A3-9474-1A3956D46DE8}") = "Common", "Common", "{DB514636-79B7-4717-B485-5B535A3111A5}"
EndProject
Project("{FAE04EC0-301F-11D3-BF4B-00C04F79EFBC}") = "FourRoads.Common.TelligentCommunity", "code\FourRoads.Common.TelligentCommunity\FourRoads.Common.TelligentCommunity.csproj", "{8EAD72EC-98CB-49B0-9870-1DE3EEF883F3}"
EndProject
Project("{FAE04EC0-301F-11D3-BF4B-00C04F79EFBC}") = "FourRoads.TelligentCommunity.HubSpot", "code\FourRoads.TelligentCommunity.HubSpot\FourRoads.TelligentCommunity.HubSpot.csproj", "{5BB7919E-9F1A-4DCD-8EC7-210F160F1FC1}"
EndProject
Project("{FAE04EC0-301F-11D3-BF4B-00C04F79EFBC}") = "FourRoads.TelligentCommunity.Rules.ThreadViews", "code\FourRoads.TelligentCommunity.Rules.ThreadViews\FourRoads.TelligentCommunity.Rules.ThreadViews.csproj", "{1780110F-EF88-4134-8C8F-94E5C411B29D}"
EndProject
Project("{FAE04EC0-301F-11D3-BF4B-00C04F79EFBC}") = "FourRoads.TelligentCommunity.GoogleMfa", "code\FourRoads.TelligentCommunity.GoogleMfa\FourRoads.TelligentCommunity.GoogleMfa.csproj", "{104B1F22-5CF1-4364-8C89-62CA11B032FE}"
EndProject
Project("{FAE04EC0-301F-11D3-BF4B-00C04F79EFBC}") = "FourRoads.TelligentCommunity.GroupDataExport", "code\FourRoads.TelligentCommunity.GroupDataExport\FourRoads.TelligentCommunity.GroupDataExport.csproj", "{47C01BE9-FD0E-42B1-BCAA-8C04FAE54D21}"
EndProject
Project("{FAE04EC0-301F-11D3-BF4B-00C04F79EFBC}") = "FourRoads.TelligentCommunity.ApplicationInsights", "code\FourRoads.TelligentCommunity.ApplicationInsights\FourRoads.TelligentCommunity.ApplicationInsights.csproj", "{2234D44A-7C66-4241-8C54-DCC1D0E602E1}"
EndProject
Global
	GlobalSection(SolutionConfigurationPlatforms) = preSolution
		Debug|Any CPU = Debug|Any CPU
		Debug|x86 = Debug|x86
		Release Output|Any CPU = Release Output|Any CPU
		Release Output|x86 = Release Output|x86
		Release|Any CPU = Release|Any CPU
		Release|x86 = Release|x86
	EndGlobalSection
	GlobalSection(ProjectConfigurationPlatforms) = postSolution
		{20BC9498-6E57-4F6E-BB23-38BFEF110161}.Debug|Any CPU.ActiveCfg = Debug|Any CPU
		{20BC9498-6E57-4F6E-BB23-38BFEF110161}.Debug|Any CPU.Build.0 = Debug|Any CPU
		{20BC9498-6E57-4F6E-BB23-38BFEF110161}.Debug|x86.ActiveCfg = Debug|Any CPU
		{20BC9498-6E57-4F6E-BB23-38BFEF110161}.Release Output|Any CPU.ActiveCfg = Release Output|Any CPU
		{20BC9498-6E57-4F6E-BB23-38BFEF110161}.Release Output|Any CPU.Build.0 = Release Output|Any CPU
		{20BC9498-6E57-4F6E-BB23-38BFEF110161}.Release Output|x86.ActiveCfg = Release Output|Any CPU
		{20BC9498-6E57-4F6E-BB23-38BFEF110161}.Release|Any CPU.ActiveCfg = Release|Any CPU
		{20BC9498-6E57-4F6E-BB23-38BFEF110161}.Release|Any CPU.Build.0 = Release|Any CPU
		{20BC9498-6E57-4F6E-BB23-38BFEF110161}.Release|x86.ActiveCfg = Release|Any CPU
		{E239B700-0CF6-4F72-8D9C-CD8B7205E026}.Debug|Any CPU.ActiveCfg = Debug|Any CPU
		{E239B700-0CF6-4F72-8D9C-CD8B7205E026}.Debug|Any CPU.Build.0 = Debug|Any CPU
		{E239B700-0CF6-4F72-8D9C-CD8B7205E026}.Debug|x86.ActiveCfg = Debug|Any CPU
		{E239B700-0CF6-4F72-8D9C-CD8B7205E026}.Release Output|Any CPU.ActiveCfg = Release Output|Any CPU
		{E239B700-0CF6-4F72-8D9C-CD8B7205E026}.Release Output|Any CPU.Build.0 = Release Output|Any CPU
		{E239B700-0CF6-4F72-8D9C-CD8B7205E026}.Release Output|x86.ActiveCfg = Release Output|Any CPU
		{E239B700-0CF6-4F72-8D9C-CD8B7205E026}.Release|Any CPU.ActiveCfg = Release|Any CPU
		{E239B700-0CF6-4F72-8D9C-CD8B7205E026}.Release|Any CPU.Build.0 = Release|Any CPU
		{E239B700-0CF6-4F72-8D9C-CD8B7205E026}.Release|x86.ActiveCfg = Release|Any CPU
		{F078FC10-C243-4B84-B2E0-5E3FA71B980C}.Debug|Any CPU.ActiveCfg = Debug|Any CPU
		{F078FC10-C243-4B84-B2E0-5E3FA71B980C}.Debug|Any CPU.Build.0 = Debug|Any CPU
		{F078FC10-C243-4B84-B2E0-5E3FA71B980C}.Debug|x86.ActiveCfg = Debug|Any CPU
		{F078FC10-C243-4B84-B2E0-5E3FA71B980C}.Release Output|Any CPU.ActiveCfg = Release Output|Any CPU
		{F078FC10-C243-4B84-B2E0-5E3FA71B980C}.Release Output|Any CPU.Build.0 = Release Output|Any CPU
		{F078FC10-C243-4B84-B2E0-5E3FA71B980C}.Release Output|x86.ActiveCfg = Release Output|Any CPU
		{F078FC10-C243-4B84-B2E0-5E3FA71B980C}.Release|Any CPU.ActiveCfg = Release|Any CPU
		{F078FC10-C243-4B84-B2E0-5E3FA71B980C}.Release|Any CPU.Build.0 = Release|Any CPU
		{F078FC10-C243-4B84-B2E0-5E3FA71B980C}.Release|x86.ActiveCfg = Release|Any CPU
		{81984BF5-8490-4261-A442-1842B17C125F}.Debug|Any CPU.ActiveCfg = Debug|Any CPU
		{81984BF5-8490-4261-A442-1842B17C125F}.Debug|Any CPU.Build.0 = Debug|Any CPU
		{81984BF5-8490-4261-A442-1842B17C125F}.Debug|x86.ActiveCfg = Debug|Any CPU
		{81984BF5-8490-4261-A442-1842B17C125F}.Release Output|Any CPU.ActiveCfg = Release|Any CPU
		{81984BF5-8490-4261-A442-1842B17C125F}.Release Output|x86.ActiveCfg = Release|Any CPU
		{81984BF5-8490-4261-A442-1842B17C125F}.Release|Any CPU.ActiveCfg = Release|Any CPU
		{81984BF5-8490-4261-A442-1842B17C125F}.Release|Any CPU.Build.0 = Release|Any CPU
		{81984BF5-8490-4261-A442-1842B17C125F}.Release|x86.ActiveCfg = Release|Any CPU
		{652DC523-CC2E-43A7-89B5-4C84B3A7EBD9}.Debug|Any CPU.ActiveCfg = Debug|Any CPU
		{652DC523-CC2E-43A7-89B5-4C84B3A7EBD9}.Debug|Any CPU.Build.0 = Debug|Any CPU
		{652DC523-CC2E-43A7-89B5-4C84B3A7EBD9}.Debug|x86.ActiveCfg = Debug|Any CPU
		{652DC523-CC2E-43A7-89B5-4C84B3A7EBD9}.Release Output|Any CPU.ActiveCfg = Release|Any CPU
		{652DC523-CC2E-43A7-89B5-4C84B3A7EBD9}.Release Output|Any CPU.Build.0 = Release|Any CPU
		{652DC523-CC2E-43A7-89B5-4C84B3A7EBD9}.Release Output|x86.ActiveCfg = Release|Any CPU
		{652DC523-CC2E-43A7-89B5-4C84B3A7EBD9}.Release|Any CPU.ActiveCfg = Release|Any CPU
		{652DC523-CC2E-43A7-89B5-4C84B3A7EBD9}.Release|Any CPU.Build.0 = Release|Any CPU
		{652DC523-CC2E-43A7-89B5-4C84B3A7EBD9}.Release|x86.ActiveCfg = Release|Any CPU
		{0A2F40DB-F1E8-4B90-805E-D2CB64F07DB5}.Debug|Any CPU.ActiveCfg = Debug|Any CPU
		{0A2F40DB-F1E8-4B90-805E-D2CB64F07DB5}.Debug|Any CPU.Build.0 = Debug|Any CPU
		{0A2F40DB-F1E8-4B90-805E-D2CB64F07DB5}.Debug|x86.ActiveCfg = Debug|Any CPU
		{0A2F40DB-F1E8-4B90-805E-D2CB64F07DB5}.Release Output|Any CPU.ActiveCfg = Release|Any CPU
		{0A2F40DB-F1E8-4B90-805E-D2CB64F07DB5}.Release Output|Any CPU.Build.0 = Release|Any CPU
		{0A2F40DB-F1E8-4B90-805E-D2CB64F07DB5}.Release Output|x86.ActiveCfg = Release|Any CPU
		{0A2F40DB-F1E8-4B90-805E-D2CB64F07DB5}.Release|Any CPU.ActiveCfg = Release|Any CPU
		{0A2F40DB-F1E8-4B90-805E-D2CB64F07DB5}.Release|Any CPU.Build.0 = Release|Any CPU
		{0A2F40DB-F1E8-4B90-805E-D2CB64F07DB5}.Release|x86.ActiveCfg = Release|Any CPU
		{466048D4-D67F-42B4-865A-C1BE84A77299}.Debug|Any CPU.ActiveCfg = Debug|Any CPU
		{466048D4-D67F-42B4-865A-C1BE84A77299}.Debug|Any CPU.Build.0 = Debug|Any CPU
		{466048D4-D67F-42B4-865A-C1BE84A77299}.Debug|x86.ActiveCfg = Debug|Any CPU
		{466048D4-D67F-42B4-865A-C1BE84A77299}.Release Output|Any CPU.ActiveCfg = Release|Any CPU
		{466048D4-D67F-42B4-865A-C1BE84A77299}.Release Output|Any CPU.Build.0 = Release|Any CPU
		{466048D4-D67F-42B4-865A-C1BE84A77299}.Release Output|x86.ActiveCfg = Release|Any CPU
		{466048D4-D67F-42B4-865A-C1BE84A77299}.Release|Any CPU.ActiveCfg = Release|Any CPU
		{466048D4-D67F-42B4-865A-C1BE84A77299}.Release|Any CPU.Build.0 = Release|Any CPU
		{466048D4-D67F-42B4-865A-C1BE84A77299}.Release|x86.ActiveCfg = Release|Any CPU
		{F5149201-4128-493A-B04E-C9A71B6E162D}.Debug|Any CPU.ActiveCfg = Debug|Any CPU
		{F5149201-4128-493A-B04E-C9A71B6E162D}.Debug|Any CPU.Build.0 = Debug|Any CPU
		{F5149201-4128-493A-B04E-C9A71B6E162D}.Debug|x86.ActiveCfg = Debug|Any CPU
		{F5149201-4128-493A-B04E-C9A71B6E162D}.Release Output|Any CPU.ActiveCfg = Release|Any CPU
		{F5149201-4128-493A-B04E-C9A71B6E162D}.Release Output|Any CPU.Build.0 = Release|Any CPU
		{F5149201-4128-493A-B04E-C9A71B6E162D}.Release Output|x86.ActiveCfg = Release|Any CPU
		{F5149201-4128-493A-B04E-C9A71B6E162D}.Release|Any CPU.ActiveCfg = Release|Any CPU
		{F5149201-4128-493A-B04E-C9A71B6E162D}.Release|Any CPU.Build.0 = Release|Any CPU
		{F5149201-4128-493A-B04E-C9A71B6E162D}.Release|x86.ActiveCfg = Release|Any CPU
		{60055B3C-D84A-4BE7-A8E6-1988381602B9}.Debug|Any CPU.ActiveCfg = Debug|Any CPU
		{60055B3C-D84A-4BE7-A8E6-1988381602B9}.Debug|Any CPU.Build.0 = Debug|Any CPU
		{60055B3C-D84A-4BE7-A8E6-1988381602B9}.Debug|x86.ActiveCfg = Debug|Any CPU
		{60055B3C-D84A-4BE7-A8E6-1988381602B9}.Release Output|Any CPU.ActiveCfg = Release|Any CPU
		{60055B3C-D84A-4BE7-A8E6-1988381602B9}.Release Output|Any CPU.Build.0 = Release|Any CPU
		{60055B3C-D84A-4BE7-A8E6-1988381602B9}.Release Output|x86.ActiveCfg = Release|Any CPU
		{60055B3C-D84A-4BE7-A8E6-1988381602B9}.Release|Any CPU.ActiveCfg = Release|Any CPU
		{60055B3C-D84A-4BE7-A8E6-1988381602B9}.Release|Any CPU.Build.0 = Release|Any CPU
		{60055B3C-D84A-4BE7-A8E6-1988381602B9}.Release|x86.ActiveCfg = Release|Any CPU
		{C55C887C-8C15-4097-B203-9AAB25718F62}.Debug|Any CPU.ActiveCfg = Debug|Any CPU
		{C55C887C-8C15-4097-B203-9AAB25718F62}.Debug|Any CPU.Build.0 = Debug|Any CPU
		{C55C887C-8C15-4097-B203-9AAB25718F62}.Debug|x86.ActiveCfg = Debug|Any CPU
		{C55C887C-8C15-4097-B203-9AAB25718F62}.Release Output|Any CPU.ActiveCfg = Release|Any CPU
		{C55C887C-8C15-4097-B203-9AAB25718F62}.Release Output|Any CPU.Build.0 = Release|Any CPU
		{C55C887C-8C15-4097-B203-9AAB25718F62}.Release Output|x86.ActiveCfg = Release|Any CPU
		{C55C887C-8C15-4097-B203-9AAB25718F62}.Release|Any CPU.ActiveCfg = Release|Any CPU
		{C55C887C-8C15-4097-B203-9AAB25718F62}.Release|Any CPU.Build.0 = Release|Any CPU
		{C55C887C-8C15-4097-B203-9AAB25718F62}.Release|x86.ActiveCfg = Release|Any CPU
		{571BC785-5F45-40B9-949C-E33A882CEAE1}.Debug|Any CPU.ActiveCfg = Debug|Any CPU
		{571BC785-5F45-40B9-949C-E33A882CEAE1}.Debug|Any CPU.Build.0 = Debug|Any CPU
		{571BC785-5F45-40B9-949C-E33A882CEAE1}.Debug|x86.ActiveCfg = Debug|Any CPU
		{571BC785-5F45-40B9-949C-E33A882CEAE1}.Release Output|Any CPU.ActiveCfg = Release|Any CPU
		{571BC785-5F45-40B9-949C-E33A882CEAE1}.Release Output|Any CPU.Build.0 = Release|Any CPU
		{571BC785-5F45-40B9-949C-E33A882CEAE1}.Release Output|x86.ActiveCfg = Release|Any CPU
		{571BC785-5F45-40B9-949C-E33A882CEAE1}.Release|Any CPU.ActiveCfg = Release|Any CPU
		{571BC785-5F45-40B9-949C-E33A882CEAE1}.Release|Any CPU.Build.0 = Release|Any CPU
		{571BC785-5F45-40B9-949C-E33A882CEAE1}.Release|x86.ActiveCfg = Release|Any CPU
		{5CA9A695-520F-488B-837E-E9E3580C5C34}.Debug|Any CPU.ActiveCfg = Debug|Any CPU
		{5CA9A695-520F-488B-837E-E9E3580C5C34}.Debug|Any CPU.Build.0 = Debug|Any CPU
		{5CA9A695-520F-488B-837E-E9E3580C5C34}.Debug|x86.ActiveCfg = Debug|Any CPU
		{5CA9A695-520F-488B-837E-E9E3580C5C34}.Release Output|Any CPU.ActiveCfg = Release|Any CPU
		{5CA9A695-520F-488B-837E-E9E3580C5C34}.Release Output|Any CPU.Build.0 = Release|Any CPU
		{5CA9A695-520F-488B-837E-E9E3580C5C34}.Release Output|x86.ActiveCfg = Release|Any CPU
		{5CA9A695-520F-488B-837E-E9E3580C5C34}.Release|Any CPU.ActiveCfg = Release|Any CPU
		{5CA9A695-520F-488B-837E-E9E3580C5C34}.Release|Any CPU.Build.0 = Release|Any CPU
		{5CA9A695-520F-488B-837E-E9E3580C5C34}.Release|x86.ActiveCfg = Release|Any CPU
		{4A328B83-B0C6-4BEA-B0FC-4E87F51761AE}.Debug|Any CPU.ActiveCfg = Debug|Any CPU
		{4A328B83-B0C6-4BEA-B0FC-4E87F51761AE}.Debug|Any CPU.Build.0 = Debug|Any CPU
		{4A328B83-B0C6-4BEA-B0FC-4E87F51761AE}.Debug|x86.ActiveCfg = Debug|Any CPU
		{4A328B83-B0C6-4BEA-B0FC-4E87F51761AE}.Release Output|Any CPU.ActiveCfg = Release Output|Any CPU
		{4A328B83-B0C6-4BEA-B0FC-4E87F51761AE}.Release Output|Any CPU.Build.0 = Release Output|Any CPU
		{4A328B83-B0C6-4BEA-B0FC-4E87F51761AE}.Release Output|x86.ActiveCfg = Release Output|Any CPU
		{4A328B83-B0C6-4BEA-B0FC-4E87F51761AE}.Release|Any CPU.ActiveCfg = Release|Any CPU
		{4A328B83-B0C6-4BEA-B0FC-4E87F51761AE}.Release|Any CPU.Build.0 = Release|Any CPU
		{4A328B83-B0C6-4BEA-B0FC-4E87F51761AE}.Release|x86.ActiveCfg = Release|Any CPU
		{30C53022-D89D-4EEE-AE85-B5C8E366FCD9}.Debug|Any CPU.ActiveCfg = Debug|Any CPU
		{30C53022-D89D-4EEE-AE85-B5C8E366FCD9}.Debug|Any CPU.Build.0 = Debug|Any CPU
		{30C53022-D89D-4EEE-AE85-B5C8E366FCD9}.Debug|x86.ActiveCfg = Debug|Any CPU
		{30C53022-D89D-4EEE-AE85-B5C8E366FCD9}.Release Output|Any CPU.ActiveCfg = Release|Any CPU
		{30C53022-D89D-4EEE-AE85-B5C8E366FCD9}.Release Output|Any CPU.Build.0 = Release|Any CPU
		{30C53022-D89D-4EEE-AE85-B5C8E366FCD9}.Release Output|x86.ActiveCfg = Release|Any CPU
		{30C53022-D89D-4EEE-AE85-B5C8E366FCD9}.Release|Any CPU.ActiveCfg = Release|Any CPU
		{30C53022-D89D-4EEE-AE85-B5C8E366FCD9}.Release|Any CPU.Build.0 = Release|Any CPU
		{30C53022-D89D-4EEE-AE85-B5C8E366FCD9}.Release|x86.ActiveCfg = Release|Any CPU
		{2090D715-FFD1-4548-96A4-A978D4A48A92}.Debug|Any CPU.ActiveCfg = Debug|Any CPU
		{2090D715-FFD1-4548-96A4-A978D4A48A92}.Debug|Any CPU.Build.0 = Debug|Any CPU
		{2090D715-FFD1-4548-96A4-A978D4A48A92}.Debug|x86.ActiveCfg = Debug|Any CPU
		{2090D715-FFD1-4548-96A4-A978D4A48A92}.Release Output|Any CPU.ActiveCfg = Release|Any CPU
		{2090D715-FFD1-4548-96A4-A978D4A48A92}.Release Output|Any CPU.Build.0 = Release|Any CPU
		{2090D715-FFD1-4548-96A4-A978D4A48A92}.Release Output|x86.ActiveCfg = Release|Any CPU
		{2090D715-FFD1-4548-96A4-A978D4A48A92}.Release|Any CPU.ActiveCfg = Release|Any CPU
		{2090D715-FFD1-4548-96A4-A978D4A48A92}.Release|Any CPU.Build.0 = Release|Any CPU
		{2090D715-FFD1-4548-96A4-A978D4A48A92}.Release|x86.ActiveCfg = Release|Any CPU
		{95361670-3B1C-4F0E-A102-E732621D6B5E}.Debug|Any CPU.ActiveCfg = Debug|Any CPU
		{95361670-3B1C-4F0E-A102-E732621D6B5E}.Debug|Any CPU.Build.0 = Debug|Any CPU
		{95361670-3B1C-4F0E-A102-E732621D6B5E}.Debug|x86.ActiveCfg = Debug|Any CPU
		{95361670-3B1C-4F0E-A102-E732621D6B5E}.Release Output|Any CPU.ActiveCfg = Debug|Any CPU
		{95361670-3B1C-4F0E-A102-E732621D6B5E}.Release Output|Any CPU.Build.0 = Debug|Any CPU
		{95361670-3B1C-4F0E-A102-E732621D6B5E}.Release Output|x86.ActiveCfg = Debug|Any CPU
		{95361670-3B1C-4F0E-A102-E732621D6B5E}.Release|Any CPU.ActiveCfg = Debug|Any CPU
		{95361670-3B1C-4F0E-A102-E732621D6B5E}.Release|Any CPU.Build.0 = Debug|Any CPU
		{95361670-3B1C-4F0E-A102-E732621D6B5E}.Release|x86.ActiveCfg = Debug|Any CPU
		{B2927439-EF5E-4895-A46A-8B5167A326BA}.Debug|Any CPU.ActiveCfg = Debug|Any CPU
		{B2927439-EF5E-4895-A46A-8B5167A326BA}.Debug|Any CPU.Build.0 = Debug|Any CPU
		{B2927439-EF5E-4895-A46A-8B5167A326BA}.Debug|x86.ActiveCfg = Debug|Any CPU
		{B2927439-EF5E-4895-A46A-8B5167A326BA}.Release Output|Any CPU.ActiveCfg = Release|Any CPU
		{B2927439-EF5E-4895-A46A-8B5167A326BA}.Release Output|Any CPU.Build.0 = Release|Any CPU
		{B2927439-EF5E-4895-A46A-8B5167A326BA}.Release Output|x86.ActiveCfg = Release|Any CPU
		{B2927439-EF5E-4895-A46A-8B5167A326BA}.Release|Any CPU.ActiveCfg = Release|Any CPU
		{B2927439-EF5E-4895-A46A-8B5167A326BA}.Release|Any CPU.Build.0 = Release|Any CPU
		{B2927439-EF5E-4895-A46A-8B5167A326BA}.Release|x86.ActiveCfg = Release|Any CPU
		{B35E5ED4-32F7-4CA4-8A4F-04201ABB011E}.Debug|Any CPU.ActiveCfg = Debug|Any CPU
		{B35E5ED4-32F7-4CA4-8A4F-04201ABB011E}.Debug|Any CPU.Build.0 = Debug|Any CPU
		{B35E5ED4-32F7-4CA4-8A4F-04201ABB011E}.Debug|x86.ActiveCfg = Debug|Any CPU
		{B35E5ED4-32F7-4CA4-8A4F-04201ABB011E}.Release Output|Any CPU.ActiveCfg = Release|Any CPU
		{B35E5ED4-32F7-4CA4-8A4F-04201ABB011E}.Release Output|Any CPU.Build.0 = Release|Any CPU
		{B35E5ED4-32F7-4CA4-8A4F-04201ABB011E}.Release Output|x86.ActiveCfg = Release|Any CPU
		{B35E5ED4-32F7-4CA4-8A4F-04201ABB011E}.Release|Any CPU.ActiveCfg = Release|Any CPU
		{B35E5ED4-32F7-4CA4-8A4F-04201ABB011E}.Release|Any CPU.Build.0 = Release|Any CPU
		{B35E5ED4-32F7-4CA4-8A4F-04201ABB011E}.Release|x86.ActiveCfg = Release|Any CPU
		{ADFC1B7B-81A5-4ED5-9115-12A2A608C546}.Debug|Any CPU.ActiveCfg = Debug|Any CPU
		{ADFC1B7B-81A5-4ED5-9115-12A2A608C546}.Debug|Any CPU.Build.0 = Debug|Any CPU
		{ADFC1B7B-81A5-4ED5-9115-12A2A608C546}.Debug|x86.ActiveCfg = Debug|Any CPU
		{ADFC1B7B-81A5-4ED5-9115-12A2A608C546}.Release Output|Any CPU.ActiveCfg = Release|Any CPU
		{ADFC1B7B-81A5-4ED5-9115-12A2A608C546}.Release Output|Any CPU.Build.0 = Release|Any CPU
		{ADFC1B7B-81A5-4ED5-9115-12A2A608C546}.Release Output|x86.ActiveCfg = Release|Any CPU
		{ADFC1B7B-81A5-4ED5-9115-12A2A608C546}.Release|Any CPU.ActiveCfg = Release|Any CPU
		{ADFC1B7B-81A5-4ED5-9115-12A2A608C546}.Release|Any CPU.Build.0 = Release|Any CPU
		{ADFC1B7B-81A5-4ED5-9115-12A2A608C546}.Release|x86.ActiveCfg = Release|Any CPU
		{8EAD72EC-98CB-49B0-9870-1DE3EEF883F3}.Debug|Any CPU.ActiveCfg = Debug|Any CPU
		{8EAD72EC-98CB-49B0-9870-1DE3EEF883F3}.Debug|Any CPU.Build.0 = Debug|Any CPU
		{8EAD72EC-98CB-49B0-9870-1DE3EEF883F3}.Debug|x86.ActiveCfg = Debug|Any CPU
		{8EAD72EC-98CB-49B0-9870-1DE3EEF883F3}.Release Output|Any CPU.ActiveCfg = Release|Any CPU
		{8EAD72EC-98CB-49B0-9870-1DE3EEF883F3}.Release Output|Any CPU.Build.0 = Release|Any CPU
		{8EAD72EC-98CB-49B0-9870-1DE3EEF883F3}.Release Output|x86.ActiveCfg = Release|Any CPU
		{8EAD72EC-98CB-49B0-9870-1DE3EEF883F3}.Release|Any CPU.ActiveCfg = Release|Any CPU
		{8EAD72EC-98CB-49B0-9870-1DE3EEF883F3}.Release|Any CPU.Build.0 = Release|Any CPU
		{8EAD72EC-98CB-49B0-9870-1DE3EEF883F3}.Release|x86.ActiveCfg = Release|Any CPU
		{5BB7919E-9F1A-4DCD-8EC7-210F160F1FC1}.Debug|Any CPU.ActiveCfg = Debug|Any CPU
		{5BB7919E-9F1A-4DCD-8EC7-210F160F1FC1}.Debug|Any CPU.Build.0 = Debug|Any CPU
		{5BB7919E-9F1A-4DCD-8EC7-210F160F1FC1}.Debug|x86.ActiveCfg = Debug|Any CPU
		{5BB7919E-9F1A-4DCD-8EC7-210F160F1FC1}.Debug|x86.Build.0 = Debug|Any CPU
		{5BB7919E-9F1A-4DCD-8EC7-210F160F1FC1}.Release Output|Any CPU.ActiveCfg = Release|Any CPU
		{5BB7919E-9F1A-4DCD-8EC7-210F160F1FC1}.Release Output|Any CPU.Build.0 = Release|Any CPU
		{5BB7919E-9F1A-4DCD-8EC7-210F160F1FC1}.Release Output|x86.ActiveCfg = Release|Any CPU
		{5BB7919E-9F1A-4DCD-8EC7-210F160F1FC1}.Release Output|x86.Build.0 = Release|Any CPU
		{5BB7919E-9F1A-4DCD-8EC7-210F160F1FC1}.Release|Any CPU.ActiveCfg = Release|Any CPU
		{5BB7919E-9F1A-4DCD-8EC7-210F160F1FC1}.Release|Any CPU.Build.0 = Release|Any CPU
		{5BB7919E-9F1A-4DCD-8EC7-210F160F1FC1}.Release|x86.ActiveCfg = Release|Any CPU
		{5BB7919E-9F1A-4DCD-8EC7-210F160F1FC1}.Release|x86.Build.0 = Release|Any CPU
		{1780110F-EF88-4134-8C8F-94E5C411B29D}.Debug|Any CPU.ActiveCfg = Debug|Any CPU
		{1780110F-EF88-4134-8C8F-94E5C411B29D}.Debug|Any CPU.Build.0 = Debug|Any CPU
		{1780110F-EF88-4134-8C8F-94E5C411B29D}.Debug|x86.ActiveCfg = Debug|Any CPU
		{1780110F-EF88-4134-8C8F-94E5C411B29D}.Debug|x86.Build.0 = Debug|Any CPU
		{1780110F-EF88-4134-8C8F-94E5C411B29D}.Release Output|Any CPU.ActiveCfg = Release|Any CPU
		{1780110F-EF88-4134-8C8F-94E5C411B29D}.Release Output|Any CPU.Build.0 = Release|Any CPU
		{1780110F-EF88-4134-8C8F-94E5C411B29D}.Release Output|x86.ActiveCfg = Release|Any CPU
		{1780110F-EF88-4134-8C8F-94E5C411B29D}.Release Output|x86.Build.0 = Release|Any CPU
		{1780110F-EF88-4134-8C8F-94E5C411B29D}.Release|Any CPU.ActiveCfg = Release|Any CPU
		{1780110F-EF88-4134-8C8F-94E5C411B29D}.Release|Any CPU.Build.0 = Release|Any CPU
		{1780110F-EF88-4134-8C8F-94E5C411B29D}.Release|x86.ActiveCfg = Release|Any CPU
		{1780110F-EF88-4134-8C8F-94E5C411B29D}.Release|x86.Build.0 = Release|Any CPU
		{104B1F22-5CF1-4364-8C89-62CA11B032FE}.Debug|Any CPU.ActiveCfg = Debug|Any CPU
		{104B1F22-5CF1-4364-8C89-62CA11B032FE}.Debug|Any CPU.Build.0 = Debug|Any CPU
		{104B1F22-5CF1-4364-8C89-62CA11B032FE}.Debug|x86.ActiveCfg = Debug|Any CPU
		{104B1F22-5CF1-4364-8C89-62CA11B032FE}.Debug|x86.Build.0 = Debug|Any CPU
		{104B1F22-5CF1-4364-8C89-62CA11B032FE}.Release Output|Any CPU.ActiveCfg = Release|Any CPU
		{104B1F22-5CF1-4364-8C89-62CA11B032FE}.Release Output|Any CPU.Build.0 = Release|Any CPU
		{104B1F22-5CF1-4364-8C89-62CA11B032FE}.Release Output|x86.ActiveCfg = Release|Any CPU
		{104B1F22-5CF1-4364-8C89-62CA11B032FE}.Release Output|x86.Build.0 = Release|Any CPU
		{104B1F22-5CF1-4364-8C89-62CA11B032FE}.Release|Any CPU.ActiveCfg = Release|Any CPU
		{104B1F22-5CF1-4364-8C89-62CA11B032FE}.Release|Any CPU.Build.0 = Release|Any CPU
		{104B1F22-5CF1-4364-8C89-62CA11B032FE}.Release|x86.ActiveCfg = Release|Any CPU
		{104B1F22-5CF1-4364-8C89-62CA11B032FE}.Release|x86.Build.0 = Release|Any CPU
		{47C01BE9-FD0E-42B1-BCAA-8C04FAE54D21}.Debug|Any CPU.ActiveCfg = Debug|Any CPU
		{47C01BE9-FD0E-42B1-BCAA-8C04FAE54D21}.Debug|Any CPU.Build.0 = Debug|Any CPU
		{47C01BE9-FD0E-42B1-BCAA-8C04FAE54D21}.Debug|x86.ActiveCfg = Debug|Any CPU
		{47C01BE9-FD0E-42B1-BCAA-8C04FAE54D21}.Debug|x86.Build.0 = Debug|Any CPU
		{47C01BE9-FD0E-42B1-BCAA-8C04FAE54D21}.Release Output|Any CPU.ActiveCfg = Release|Any CPU
		{47C01BE9-FD0E-42B1-BCAA-8C04FAE54D21}.Release Output|Any CPU.Build.0 = Release|Any CPU
		{47C01BE9-FD0E-42B1-BCAA-8C04FAE54D21}.Release Output|x86.ActiveCfg = Release|Any CPU
		{47C01BE9-FD0E-42B1-BCAA-8C04FAE54D21}.Release Output|x86.Build.0 = Release|Any CPU
		{47C01BE9-FD0E-42B1-BCAA-8C04FAE54D21}.Release|Any CPU.ActiveCfg = Release|Any CPU
		{47C01BE9-FD0E-42B1-BCAA-8C04FAE54D21}.Release|Any CPU.Build.0 = Release|Any CPU
		{47C01BE9-FD0E-42B1-BCAA-8C04FAE54D21}.Release|x86.ActiveCfg = Release|Any CPU
		{47C01BE9-FD0E-42B1-BCAA-8C04FAE54D21}.Release|x86.Build.0 = Release|Any CPU
		{2234D44A-7C66-4241-8C54-DCC1D0E602E1}.Debug|Any CPU.ActiveCfg = Debug|Any CPU
		{2234D44A-7C66-4241-8C54-DCC1D0E602E1}.Debug|Any CPU.Build.0 = Debug|Any CPU
		{2234D44A-7C66-4241-8C54-DCC1D0E602E1}.Debug|x86.ActiveCfg = Debug|Any CPU
		{2234D44A-7C66-4241-8C54-DCC1D0E602E1}.Debug|x86.Build.0 = Debug|Any CPU
		{2234D44A-7C66-4241-8C54-DCC1D0E602E1}.Release Output|Any CPU.ActiveCfg = Release|Any CPU
		{2234D44A-7C66-4241-8C54-DCC1D0E602E1}.Release Output|Any CPU.Build.0 = Release|Any CPU
		{2234D44A-7C66-4241-8C54-DCC1D0E602E1}.Release Output|x86.ActiveCfg = Release|Any CPU
		{2234D44A-7C66-4241-8C54-DCC1D0E602E1}.Release Output|x86.Build.0 = Release|Any CPU
		{2234D44A-7C66-4241-8C54-DCC1D0E602E1}.Release|Any CPU.ActiveCfg = Release|Any CPU
		{2234D44A-7C66-4241-8C54-DCC1D0E602E1}.Release|Any CPU.Build.0 = Release|Any CPU
		{2234D44A-7C66-4241-8C54-DCC1D0E602E1}.Release|x86.ActiveCfg = Release|Any CPU
		{2234D44A-7C66-4241-8C54-DCC1D0E602E1}.Release|x86.Build.0 = Release|Any CPU
	EndGlobalSection
	GlobalSection(SolutionProperties) = preSolution
		HideSolutionNode = FALSE
	EndGlobalSection
	GlobalSection(NestedProjects) = preSolution
		{20BC9498-6E57-4F6E-BB23-38BFEF110161} = {5286FE7A-78EF-4AB5-B3EB-474C88218A37}
		{E239B700-0CF6-4F72-8D9C-CD8B7205E026} = {5286FE7A-78EF-4AB5-B3EB-474C88218A37}
		{F078FC10-C243-4B84-B2E0-5E3FA71B980C} = {5286FE7A-78EF-4AB5-B3EB-474C88218A37}
		{81984BF5-8490-4261-A442-1842B17C125F} = {3735ED34-C87C-4D88-A055-8F8A2F5E000A}
		{652DC523-CC2E-43A7-89B5-4C84B3A7EBD9} = {3735ED34-C87C-4D88-A055-8F8A2F5E000A}
		{0A2F40DB-F1E8-4B90-805E-D2CB64F07DB5} = {3735ED34-C87C-4D88-A055-8F8A2F5E000A}
		{466048D4-D67F-42B4-865A-C1BE84A77299} = {3735ED34-C87C-4D88-A055-8F8A2F5E000A}
		{F5149201-4128-493A-B04E-C9A71B6E162D} = {5286FE7A-78EF-4AB5-B3EB-474C88218A37}
		{60055B3C-D84A-4BE7-A8E6-1988381602B9} = {3735ED34-C87C-4D88-A055-8F8A2F5E000A}
		{C55C887C-8C15-4097-B203-9AAB25718F62} = {5286FE7A-78EF-4AB5-B3EB-474C88218A37}
		{571BC785-5F45-40B9-949C-E33A882CEAE1} = {5286FE7A-78EF-4AB5-B3EB-474C88218A37}
		{5CA9A695-520F-488B-837E-E9E3580C5C34} = {3735ED34-C87C-4D88-A055-8F8A2F5E000A}
		{4A328B83-B0C6-4BEA-B0FC-4E87F51761AE} = {5286FE7A-78EF-4AB5-B3EB-474C88218A37}
		{30C53022-D89D-4EEE-AE85-B5C8E366FCD9} = {3735ED34-C87C-4D88-A055-8F8A2F5E000A}
		{2090D715-FFD1-4548-96A4-A978D4A48A92} = {5286FE7A-78EF-4AB5-B3EB-474C88218A37}
		{B2927439-EF5E-4895-A46A-8B5167A326BA} = {5286FE7A-78EF-4AB5-B3EB-474C88218A37}
		{B35E5ED4-32F7-4CA4-8A4F-04201ABB011E} = {3735ED34-C87C-4D88-A055-8F8A2F5E000A}
		{ADFC1B7B-81A5-4ED5-9115-12A2A608C546} = {3735ED34-C87C-4D88-A055-8F8A2F5E000A}
		{8EAD72EC-98CB-49B0-9870-1DE3EEF883F3} = {DB514636-79B7-4717-B485-5B535A3111A5}
		{5BB7919E-9F1A-4DCD-8EC7-210F160F1FC1} = {3735ED34-C87C-4D88-A055-8F8A2F5E000A}
		{1780110F-EF88-4134-8C8F-94E5C411B29D} = {5286FE7A-78EF-4AB5-B3EB-474C88218A37}
		{104B1F22-5CF1-4364-8C89-62CA11B032FE} = {3735ED34-C87C-4D88-A055-8F8A2F5E000A}
		{47C01BE9-FD0E-42B1-BCAA-8C04FAE54D21} = {5286FE7A-78EF-4AB5-B3EB-474C88218A37}
		{2234D44A-7C66-4241-8C54-DCC1D0E602E1} = {3735ED34-C87C-4D88-A055-8F8A2F5E000A}
	EndGlobalSection
	GlobalSection(ExtensibilityGlobals) = postSolution
		VisualSVNWorkingCopyRoot = ..
		SolutionGuid = {5B785602-01D1-4484-95F3-DB067E847B0F}
	EndGlobalSection
EndGlobal
